
Microsoft Visual Studio Solution File, Format Version 12.00
# Visual Studio Version 17
VisualStudioVersion = 17.5.002.0
MinimumVisualStudioVersion = 10.0.40219.1
Project("{9A19103F-16F7-4668-BE54-9A1E7A4F7556}") = "Starter", "Starter.csproj", "{FFD2C3C5-732A-4DA4-8915-CC3599A52983}"
EndProject
Global
	GlobalSection(SolutionConfigurationPlatforms) = preSolution
		Debug|Any CPU = Debug|Any CPU
		Release|Any CPU = Release|Any CPU
	EndGlobalSection
	GlobalSection(ProjectConfigurationPlatforms) = postSolution
		{FFD2C3C5-732A-4DA4-8915-CC3599A52983}.Debug|Any CPU.ActiveCfg = Debug|Any CPU
		{FFD2C3C5-732A-4DA4-8915-CC3599A52983}.Debug|Any CPU.Build.0 = Debug|Any CPU
		{FFD2C3C5-732A-4DA4-8915-CC3599A52983}.Release|Any CPU.ActiveCfg = Release|Any CPU
		{FFD2C3C5-732A-4DA4-8915-CC3599A52983}.Release|Any CPU.Build.0 = Release|Any CPU
	EndGlobalSection
	GlobalSection(SolutionProperties) = preSolution
		HideSolutionNode = FALSE
	EndGlobalSection
	GlobalSection(ExtensibilityGlobals) = postSolution
		SolutionGuid = {AFDCC639-3EF4-44D0-8B73-E34EEA3C4091}
	EndGlobalSection
EndGlobal
